// !$*UTF8*$!
{
	archiveVersion = 1;
	classes = {
	};
	objectVersion = 48;
	objects = {

/* Begin PBXBuildFile section */
		295A953E781164675243E007 /* libPods-kaileUITests.a in Frameworks */ = {isa = PBXBuildFile; fileRef = EE32B5C0DFFB91FF4EB401F9 /* libPods-kaileUITests.a */; };
		4CCAB517204F82E7004D267C /* TransitionAnimation.m in Sources */ = {isa = PBXBuildFile; fileRef = 4CCAB514204F82E7004D267C /* TransitionAnimation.m */; };
		4CCAB518204F82E7004D267C /* TransitionController.m in Sources */ = {isa = PBXBuildFile; fileRef = 4CCAB516204F82E7004D267C /* TransitionController.m */; };
		5010C7E2A2CAADC57C493E42 /* libPods-kaile.a in Frameworks */ = {isa = PBXBuildFile; fileRef = 7865FF464444DDF748450CDD /* libPods-kaile.a */; };
		8C01A0742047D37F009DF1E9 /* WKRefreshBackGifFooter.m in Sources */ = {isa = PBXBuildFile; fileRef = 8C01A0722047D37F009DF1E9 /* WKRefreshBackGifFooter.m */; };
		8C01A0752047D37F009DF1E9 /* WKRefreshGifHeader.m in Sources */ = {isa = PBXBuildFile; fileRef = 8C01A0732047D37F009DF1E9 /* WKRefreshGifHeader.m */; };
		8C871326204787BE00563120 /* kaile.xcdatamodeld in Sources */ = {isa = PBXBuildFile; fileRef = 8C871324204787BE00563120 /* kaile.xcdatamodeld */; };
		8C871338204787BF00563120 /* kaileTests.m in Sources */ = {isa = PBXBuildFile; fileRef = 8C871337204787BF00563120 /* kaileTests.m */; };
		8C871343204787BF00563120 /* kaileUITests.m in Sources */ = {isa = PBXBuildFile; fileRef = 8C871342204787BF00563120 /* kaileUITests.m */; };
		8C87136F2047899900563120 /* AppDelegate.m in Sources */ = {isa = PBXBuildFile; fileRef = 8C8713592047899900563120 /* AppDelegate.m */; };
		8C8713702047899900563120 /* Assets.xcassets in Resources */ = {isa = PBXBuildFile; fileRef = 8C8713632047899900563120 /* Assets.xcassets */; };
		8C8713712047899900563120 /* LaunchScreen.storyboard in Resources */ = {isa = PBXBuildFile; fileRef = 8C8713642047899900563120 /* LaunchScreen.storyboard */; };
		8C8713732047899900563120 /* main.m in Sources */ = {isa = PBXBuildFile; fileRef = 8C8713682047899900563120 /* main.m */; };
		8C8713742047899900563120 /* Info.plist in Resources */ = {isa = PBXBuildFile; fileRef = 8C8713692047899900563120 /* Info.plist */; };
		8C87137A20478B8500563120 /* KLBaseTabBarController.m in Sources */ = {isa = PBXBuildFile; fileRef = 8C87137920478B8500563120 /* KLBaseTabBarController.m */; };
		8C87137F20478DE900563120 /* KLBaseTableViewController.m in Sources */ = {isa = PBXBuildFile; fileRef = 8C87137E20478DE900563120 /* KLBaseTableViewController.m */; };
		8C87138220478E1900563120 /* KLHomeViewControllers.m in Sources */ = {isa = PBXBuildFile; fileRef = 8C87138120478E1900563120 /* KLHomeViewControllers.m */; };
		8C87138520478FAB00563120 /* KLIMViewController.m in Sources */ = {isa = PBXBuildFile; fileRef = 8C87138420478FAB00563120 /* KLIMViewController.m */; };
		8C87138820478FC500563120 /* KLLBViewController.m in Sources */ = {isa = PBXBuildFile; fileRef = 8C87138720478FC500563120 /* KLLBViewController.m */; };
		8C87138B2047924E00563120 /* KLBaseNavigationController.m in Sources */ = {isa = PBXBuildFile; fileRef = 8C87138A2047924E00563120 /* KLBaseNavigationController.m */; };
		8CCBA620204A6E0D00F73809 /* KLBaseTableView.m in Sources */ = {isa = PBXBuildFile; fileRef = 8CCBA61F204A6E0D00F73809 /* KLBaseTableView.m */; };
		8CCBA623204A6F0E00F73809 /* KLHomeVC.m in Sources */ = {isa = PBXBuildFile; fileRef = 8CCBA622204A6F0E00F73809 /* KLHomeVC.m */; };
		8CCBA626204A6F7400F73809 /* KLHomeTableView.m in Sources */ = {isa = PBXBuildFile; fileRef = 8CCBA625204A6F7400F73809 /* KLHomeTableView.m */; };
		8CCBA629204A70E800F73809 /* KLHomeView.m in Sources */ = {isa = PBXBuildFile; fileRef = 8CCBA628204A70E800F73809 /* KLHomeView.m */; };
		8CCBA62F204A715E00F73809 /* KLHomeHeaderView.m in Sources */ = {isa = PBXBuildFile; fileRef = 8CCBA62B204A715E00F73809 /* KLHomeHeaderView.m */; };
		8CCBA630204A715E00F73809 /* KLHomeBodyView.m in Sources */ = {isa = PBXBuildFile; fileRef = 8CCBA62C204A715E00F73809 /* KLHomeBodyView.m */; };
		8CCBA634204A716400F73809 /* KLFirstTableViewCell.m in Sources */ = {isa = PBXBuildFile; fileRef = 8CCBA633204A716300F73809 /* KLFirstTableViewCell.m */; };
		8CCBA637204A76C500F73809 /* KLHomeHeaderViewCell.m in Sources */ = {isa = PBXBuildFile; fileRef = 8CCBA636204A76C500F73809 /* KLHomeHeaderViewCell.m */; };
		D0BBBD41661ADD8E38949EC1 /* libPods-kaileTests.a in Frameworks */ = {isa = PBXBuildFile; fileRef = BAF1CE22F3811F8780EDF772 /* libPods-kaileTests.a */; };
/* End PBXBuildFile section */

/* Begin PBXContainerItemProxy section */
		8C871334204787BF00563120 /* PBXContainerItemProxy */ = {
			isa = PBXContainerItemProxy;
			containerPortal = 8C871310204787BE00563120 /* Project object */;
			proxyType = 1;
			remoteGlobalIDString = 8C871317204787BE00563120;
			remoteInfo = kaile;
		};
		8C87133F204787BF00563120 /* PBXContainerItemProxy */ = {
			isa = PBXContainerItemProxy;
			containerPortal = 8C871310204787BE00563120 /* Project object */;
			proxyType = 1;
			remoteGlobalIDString = 8C871317204787BE00563120;
			remoteInfo = kaile;
		};
/* End PBXContainerItemProxy section */

/* Begin PBXFileReference section */
		1756C8106A5DAD222CC92887 /* Pods-kaile.debug.xcconfig */ = {isa = PBXFileReference; includeInIndex = 1; lastKnownFileType = text.xcconfig; name = "Pods-kaile.debug.xcconfig"; path = "Pods/Target Support Files/Pods-kaile/Pods-kaile.debug.xcconfig"; sourceTree = "<group>"; };
		2CB25DA408D834C41CC2140C /* Pods-kaileTests.debug.xcconfig */ = {isa = PBXFileReference; includeInIndex = 1; lastKnownFileType = text.xcconfig; name = "Pods-kaileTests.debug.xcconfig"; path = "Pods/Target Support Files/Pods-kaileTests/Pods-kaileTests.debug.xcconfig"; sourceTree = "<group>"; };
		4CCAB513204F82E7004D267C /* TransitionAnimation.h */ = {isa = PBXFileReference; fileEncoding = 4; lastKnownFileType = sourcecode.c.h; path = TransitionAnimation.h; sourceTree = "<group>"; };
		4CCAB514204F82E7004D267C /* TransitionAnimation.m */ = {isa = PBXFileReference; fileEncoding = 4; lastKnownFileType = sourcecode.c.objc; path = TransitionAnimation.m; sourceTree = "<group>"; };
		4CCAB515204F82E7004D267C /* TransitionController.h */ = {isa = PBXFileReference; fileEncoding = 4; lastKnownFileType = sourcecode.c.h; path = TransitionController.h; sourceTree = "<group>"; };
		4CCAB516204F82E7004D267C /* TransitionController.m */ = {isa = PBXFileReference; fileEncoding = 4; lastKnownFileType = sourcecode.c.objc; path = TransitionController.m; sourceTree = "<group>"; };
		7865FF464444DDF748450CDD /* libPods-kaile.a */ = {isa = PBXFileReference; explicitFileType = archive.ar; includeInIndex = 0; path = "libPods-kaile.a"; sourceTree = BUILT_PRODUCTS_DIR; };
		8C01A0702047D37F009DF1E9 /* WKRefreshBackGifFooter.h */ = {isa = PBXFileReference; fileEncoding = 4; lastKnownFileType = sourcecode.c.h; path = WKRefreshBackGifFooter.h; sourceTree = "<group>"; };
		8C01A0712047D37F009DF1E9 /* WKRefreshGifHeader.h */ = {isa = PBXFileReference; fileEncoding = 4; lastKnownFileType = sourcecode.c.h; path = WKRefreshGifHeader.h; sourceTree = "<group>"; };
		8C01A0722047D37F009DF1E9 /* WKRefreshBackGifFooter.m */ = {isa = PBXFileReference; fileEncoding = 4; lastKnownFileType = sourcecode.c.objc; path = WKRefreshBackGifFooter.m; sourceTree = "<group>"; };
		8C01A0732047D37F009DF1E9 /* WKRefreshGifHeader.m */ = {isa = PBXFileReference; fileEncoding = 4; lastKnownFileType = sourcecode.c.objc; path = WKRefreshGifHeader.m; sourceTree = "<group>"; };
		8C871318204787BE00563120 /* kaile.app */ = {isa = PBXFileReference; explicitFileType = wrapper.application; includeInIndex = 0; path = kaile.app; sourceTree = BUILT_PRODUCTS_DIR; };
		8C871325204787BE00563120 /* kaile.xcdatamodel */ = {isa = PBXFileReference; lastKnownFileType = wrapper.xcdatamodel; path = kaile.xcdatamodel; sourceTree = "<group>"; };
		8C871333204787BF00563120 /* kaileTests.xctest */ = {isa = PBXFileReference; explicitFileType = wrapper.cfbundle; includeInIndex = 0; path = kaileTests.xctest; sourceTree = BUILT_PRODUCTS_DIR; };
		8C871337204787BF00563120 /* kaileTests.m */ = {isa = PBXFileReference; lastKnownFileType = sourcecode.c.objc; path = kaileTests.m; sourceTree = "<group>"; };
		8C871339204787BF00563120 /* Info.plist */ = {isa = PBXFileReference; lastKnownFileType = text.plist.xml; path = Info.plist; sourceTree = "<group>"; };
		8C87133E204787BF00563120 /* kaileUITests.xctest */ = {isa = PBXFileReference; explicitFileType = wrapper.cfbundle; includeInIndex = 0; path = kaileUITests.xctest; sourceTree = BUILT_PRODUCTS_DIR; };
		8C871342204787BF00563120 /* kaileUITests.m */ = {isa = PBXFileReference; lastKnownFileType = sourcecode.c.objc; path = kaileUITests.m; sourceTree = "<group>"; };
		8C871344204787BF00563120 /* Info.plist */ = {isa = PBXFileReference; lastKnownFileType = text.plist.xml; path = Info.plist; sourceTree = "<group>"; };
		8C8713562047899900563120 /* AppDelegate.h */ = {isa = PBXFileReference; fileEncoding = 4; lastKnownFileType = sourcecode.c.h; path = AppDelegate.h; sourceTree = "<group>"; };
		8C8713592047899900563120 /* AppDelegate.m */ = {isa = PBXFileReference; fileEncoding = 4; lastKnownFileType = sourcecode.c.objc; path = AppDelegate.m; sourceTree = "<group>"; };
		8C8713632047899900563120 /* Assets.xcassets */ = {isa = PBXFileReference; lastKnownFileType = folder.assetcatalog; path = Assets.xcassets; sourceTree = "<group>"; };
		8C8713652047899900563120 /* Base */ = {isa = PBXFileReference; lastKnownFileType = file.storyboard; name = Base; path = Base.lproj/LaunchScreen.storyboard; sourceTree = "<group>"; };
		8C8713682047899900563120 /* main.m */ = {isa = PBXFileReference; fileEncoding = 4; lastKnownFileType = sourcecode.c.objc; path = main.m; sourceTree = "<group>"; };
		8C8713692047899900563120 /* Info.plist */ = {isa = PBXFileReference; fileEncoding = 4; lastKnownFileType = text.plist.xml; path = Info.plist; sourceTree = "<group>"; };
		8C87137820478B8500563120 /* KLBaseTabBarController.h */ = {isa = PBXFileReference; lastKnownFileType = sourcecode.c.h; path = KLBaseTabBarController.h; sourceTree = "<group>"; };
		8C87137920478B8500563120 /* KLBaseTabBarController.m */ = {isa = PBXFileReference; lastKnownFileType = sourcecode.c.objc; path = KLBaseTabBarController.m; sourceTree = "<group>"; };
		8C87137D20478DE900563120 /* KLBaseTableViewController.h */ = {isa = PBXFileReference; lastKnownFileType = sourcecode.c.h; path = KLBaseTableViewController.h; sourceTree = "<group>"; };
		8C87137E20478DE900563120 /* KLBaseTableViewController.m */ = {isa = PBXFileReference; lastKnownFileType = sourcecode.c.objc; path = KLBaseTableViewController.m; sourceTree = "<group>"; };
		8C87138020478E1900563120 /* KLHomeViewControllers.h */ = {isa = PBXFileReference; lastKnownFileType = sourcecode.c.h; path = KLHomeViewControllers.h; sourceTree = "<group>"; };
		8C87138120478E1900563120 /* KLHomeViewControllers.m */ = {isa = PBXFileReference; lastKnownFileType = sourcecode.c.objc; path = KLHomeViewControllers.m; sourceTree = "<group>"; };
		8C87138320478FAB00563120 /* KLIMViewController.h */ = {isa = PBXFileReference; lastKnownFileType = sourcecode.c.h; path = KLIMViewController.h; sourceTree = "<group>"; };
		8C87138420478FAB00563120 /* KLIMViewController.m */ = {isa = PBXFileReference; lastKnownFileType = sourcecode.c.objc; path = KLIMViewController.m; sourceTree = "<group>"; };
		8C87138620478FC500563120 /* KLLBViewController.h */ = {isa = PBXFileReference; lastKnownFileType = sourcecode.c.h; path = KLLBViewController.h; sourceTree = "<group>"; };
		8C87138720478FC500563120 /* KLLBViewController.m */ = {isa = PBXFileReference; lastKnownFileType = sourcecode.c.objc; path = KLLBViewController.m; sourceTree = "<group>"; };
		8C8713892047924E00563120 /* KLBaseNavigationController.h */ = {isa = PBXFileReference; lastKnownFileType = sourcecode.c.h; path = KLBaseNavigationController.h; sourceTree = "<group>"; };
		8C87138A2047924E00563120 /* KLBaseNavigationController.m */ = {isa = PBXFileReference; lastKnownFileType = sourcecode.c.objc; path = KLBaseNavigationController.m; sourceTree = "<group>"; };
		8CCBA61E204A6E0D00F73809 /* KLBaseTableView.h */ = {isa = PBXFileReference; lastKnownFileType = sourcecode.c.h; path = KLBaseTableView.h; sourceTree = "<group>"; };
		8CCBA61F204A6E0D00F73809 /* KLBaseTableView.m */ = {isa = PBXFileReference; lastKnownFileType = sourcecode.c.objc; path = KLBaseTableView.m; sourceTree = "<group>"; };
		8CCBA621204A6F0E00F73809 /* KLHomeVC.h */ = {isa = PBXFileReference; lastKnownFileType = sourcecode.c.h; path = KLHomeVC.h; sourceTree = "<group>"; };
		8CCBA622204A6F0E00F73809 /* KLHomeVC.m */ = {isa = PBXFileReference; lastKnownFileType = sourcecode.c.objc; path = KLHomeVC.m; sourceTree = "<group>"; };
		8CCBA624204A6F7400F73809 /* KLHomeTableView.h */ = {isa = PBXFileReference; lastKnownFileType = sourcecode.c.h; path = KLHomeTableView.h; sourceTree = "<group>"; };
		8CCBA625204A6F7400F73809 /* KLHomeTableView.m */ = {isa = PBXFileReference; lastKnownFileType = sourcecode.c.objc; path = KLHomeTableView.m; sourceTree = "<group>"; };
		8CCBA627204A70E800F73809 /* KLHomeView.h */ = {isa = PBXFileReference; lastKnownFileType = sourcecode.c.h; path = KLHomeView.h; sourceTree = "<group>"; };
		8CCBA628204A70E800F73809 /* KLHomeView.m */ = {isa = PBXFileReference; lastKnownFileType = sourcecode.c.objc; path = KLHomeView.m; sourceTree = "<group>"; };
		8CCBA62B204A715E00F73809 /* KLHomeHeaderView.m */ = {isa = PBXFileReference; fileEncoding = 4; lastKnownFileType = sourcecode.c.objc; path = KLHomeHeaderView.m; sourceTree = "<group>"; };
		8CCBA62C204A715E00F73809 /* KLHomeBodyView.m */ = {isa = PBXFileReference; fileEncoding = 4; lastKnownFileType = sourcecode.c.objc; path = KLHomeBodyView.m; sourceTree = "<group>"; };
		8CCBA62D204A715E00F73809 /* KLHomeHeaderView.h */ = {isa = PBXFileReference; fileEncoding = 4; lastKnownFileType = sourcecode.c.h; path = KLHomeHeaderView.h; sourceTree = "<group>"; };
		8CCBA62E204A715E00F73809 /* KLHomeBodyView.h */ = {isa = PBXFileReference; fileEncoding = 4; lastKnownFileType = sourcecode.c.h; path = KLHomeBodyView.h; sourceTree = "<group>"; };
		8CCBA632204A716300F73809 /* KLFirstTableViewCell.h */ = {isa = PBXFileReference; fileEncoding = 4; lastKnownFileType = sourcecode.c.h; path = KLFirstTableViewCell.h; sourceTree = "<group>"; };
		8CCBA633204A716300F73809 /* KLFirstTableViewCell.m */ = {isa = PBXFileReference; fileEncoding = 4; lastKnownFileType = sourcecode.c.objc; path = KLFirstTableViewCell.m; sourceTree = "<group>"; };
		8CCBA635204A76C500F73809 /* KLHomeHeaderViewCell.h */ = {isa = PBXFileReference; lastKnownFileType = sourcecode.c.h; path = KLHomeHeaderViewCell.h; sourceTree = "<group>"; };
		8CCBA636204A76C500F73809 /* KLHomeHeaderViewCell.m */ = {isa = PBXFileReference; lastKnownFileType = sourcecode.c.objc; path = KLHomeHeaderViewCell.m; sourceTree = "<group>"; };
		947AAB829A28B548FE2AB5C6 /* Pods-kaileTests.release.xcconfig */ = {isa = PBXFileReference; includeInIndex = 1; lastKnownFileType = text.xcconfig; name = "Pods-kaileTests.release.xcconfig"; path = "Pods/Target Support Files/Pods-kaileTests/Pods-kaileTests.release.xcconfig"; sourceTree = "<group>"; };
		959F015D75FF0E74B16150D7 /* Pods-kaileUITests.debug.xcconfig */ = {isa = PBXFileReference; includeInIndex = 1; lastKnownFileType = text.xcconfig; name = "Pods-kaileUITests.debug.xcconfig"; path = "Pods/Target Support Files/Pods-kaileUITests/Pods-kaileUITests.debug.xcconfig"; sourceTree = "<group>"; };
		BAF1CE22F3811F8780EDF772 /* libPods-kaileTests.a */ = {isa = PBXFileReference; explicitFileType = archive.ar; includeInIndex = 0; path = "libPods-kaileTests.a"; sourceTree = BUILT_PRODUCTS_DIR; };
		D3D1FD7744D401861799FC62 /* Pods-kaile.release.xcconfig */ = {isa = PBXFileReference; includeInIndex = 1; lastKnownFileType = text.xcconfig; name = "Pods-kaile.release.xcconfig"; path = "Pods/Target Support Files/Pods-kaile/Pods-kaile.release.xcconfig"; sourceTree = "<group>"; };
		EE32B5C0DFFB91FF4EB401F9 /* libPods-kaileUITests.a */ = {isa = PBXFileReference; explicitFileType = archive.ar; includeInIndex = 0; path = "libPods-kaileUITests.a"; sourceTree = BUILT_PRODUCTS_DIR; };
		EE52F6EB1FEBF5CA24C1D0E2 /* Pods-kaileUITests.release.xcconfig */ = {isa = PBXFileReference; includeInIndex = 1; lastKnownFileType = text.xcconfig; name = "Pods-kaileUITests.release.xcconfig"; path = "Pods/Target Support Files/Pods-kaileUITests/Pods-kaileUITests.release.xcconfig"; sourceTree = "<group>"; };
/* End PBXFileReference section */

/* Begin PBXFrameworksBuildPhase section */
		8C871315204787BE00563120 /* Frameworks */ = {
			isa = PBXFrameworksBuildPhase;
			buildActionMask = 2147483647;
			files = (
				5010C7E2A2CAADC57C493E42 /* libPods-kaile.a in Frameworks */,
			);
			runOnlyForDeploymentPostprocessing = 0;
		};
		8C871330204787BF00563120 /* Frameworks */ = {
			isa = PBXFrameworksBuildPhase;
			buildActionMask = 2147483647;
			files = (
				D0BBBD41661ADD8E38949EC1 /* libPods-kaileTests.a in Frameworks */,
			);
			runOnlyForDeploymentPostprocessing = 0;
		};
		8C87133B204787BF00563120 /* Frameworks */ = {
			isa = PBXFrameworksBuildPhase;
			buildActionMask = 2147483647;
			files = (
				295A953E781164675243E007 /* libPods-kaileUITests.a in Frameworks */,
			);
			runOnlyForDeploymentPostprocessing = 0;
		};
/* End PBXFrameworksBuildPhase section */

/* Begin PBXGroup section */
		17A016130D4019F90BD440BF /* Pods */ = {
			isa = PBXGroup;
			children = (
				1756C8106A5DAD222CC92887 /* Pods-kaile.debug.xcconfig */,
				D3D1FD7744D401861799FC62 /* Pods-kaile.release.xcconfig */,
				2CB25DA408D834C41CC2140C /* Pods-kaileTests.debug.xcconfig */,
				947AAB829A28B548FE2AB5C6 /* Pods-kaileTests.release.xcconfig */,
				959F015D75FF0E74B16150D7 /* Pods-kaileUITests.debug.xcconfig */,
				EE52F6EB1FEBF5CA24C1D0E2 /* Pods-kaileUITests.release.xcconfig */,
			);
			name = Pods;
			sourceTree = "<group>";
		};
		4CCAB512204F82E7004D267C /* Animation */ = {
			isa = PBXGroup;
			children = (
				4CCAB513204F82E7004D267C /* TransitionAnimation.h */,
				4CCAB514204F82E7004D267C /* TransitionAnimation.m */,
				4CCAB515204F82E7004D267C /* TransitionController.h */,
				4CCAB516204F82E7004D267C /* TransitionController.m */,
			);
			path = Animation;
			sourceTree = "<group>";
		};
		754913E4D8B8158306F438DB /* Frameworks */ = {
			isa = PBXGroup;
			children = (
				7865FF464444DDF748450CDD /* libPods-kaile.a */,
				BAF1CE22F3811F8780EDF772 /* libPods-kaileTests.a */,
				EE32B5C0DFFB91FF4EB401F9 /* libPods-kaileUITests.a */,
			);
			name = Frameworks;
			sourceTree = "<group>";
		};
		8C01A06F2047D37F009DF1E9 /* Refresh */ = {
			isa = PBXGroup;
			children = (
				8C01A0702047D37F009DF1E9 /* WKRefreshBackGifFooter.h */,
				8C01A0722047D37F009DF1E9 /* WKRefreshBackGifFooter.m */,
				8C01A0712047D37F009DF1E9 /* WKRefreshGifHeader.h */,
				8C01A0732047D37F009DF1E9 /* WKRefreshGifHeader.m */,
			);
			path = Refresh;
			sourceTree = "<group>";
		};
		8C87130F204787BE00563120 = {
			isa = PBXGroup;
			children = (
				8C87131A204787BE00563120 /* kaile */,
				8C871336204787BF00563120 /* kaileTests */,
				8C871341204787BF00563120 /* kaileUITests */,
				8C871319204787BE00563120 /* Products */,
				17A016130D4019F90BD440BF /* Pods */,
				754913E4D8B8158306F438DB /* Frameworks */,
			);
			sourceTree = "<group>";
		};
		8C871319204787BE00563120 /* Products */ = {
			isa = PBXGroup;
			children = (
				8C871318204787BE00563120 /* kaile.app */,
				8C871333204787BF00563120 /* kaileTests.xctest */,
				8C87133E204787BF00563120 /* kaileUITests.xctest */,
			);
			name = Products;
			sourceTree = "<group>";
		};
		8C87131A204787BE00563120 /* kaile */ = {
			isa = PBXGroup;
			children = (
				8C8713552047899900563120 /* Bases */,
				8C8713502047899900563120 /* Home */,
				8C87136A2047899900563120 /* IM */,
				8C87135C2047899900563120 /* LB */,
				8C8713622047899900563120 /* Supporting Files */,
				8C8713612047899900563120 /* Tools */,
				8C871324204787BE00563120 /* kaile.xcdatamodeld */,
			);
			path = kaile;
			sourceTree = "<group>";
		};
		8C871336204787BF00563120 /* kaileTests */ = {
			isa = PBXGroup;
			children = (
				8C871337204787BF00563120 /* kaileTests.m */,
				8C871339204787BF00563120 /* Info.plist */,
			);
			path = kaileTests;
			sourceTree = "<group>";
		};
		8C871341204787BF00563120 /* kaileUITests */ = {
			isa = PBXGroup;
			children = (
				8C871342204787BF00563120 /* kaileUITests.m */,
				8C871344204787BF00563120 /* Info.plist */,
			);
			path = kaileUITests;
			sourceTree = "<group>";
		};
		8C8713502047899900563120 /* Home */ = {
			isa = PBXGroup;
			children = (
				8C8713512047899900563120 /* Others */,
				8C8713522047899900563120 /* Models */,
				8C8713532047899900563120 /* Controllers */,
				8C8713542047899900563120 /* Views */,
			);
			path = Home;
			sourceTree = "<group>";
		};
		8C8713512047899900563120 /* Others */ = {
			isa = PBXGroup;
			children = (
			);
			path = Others;
			sourceTree = "<group>";
		};
		8C8713522047899900563120 /* Models */ = {
			isa = PBXGroup;
			children = (
			);
			path = Models;
			sourceTree = "<group>";
		};
		8C8713532047899900563120 /* Controllers */ = {
			isa = PBXGroup;
			children = (
				8C87138020478E1900563120 /* KLHomeViewControllers.h */,
				8C87138120478E1900563120 /* KLHomeViewControllers.m */,
				8CCBA621204A6F0E00F73809 /* KLHomeVC.h */,
				8CCBA622204A6F0E00F73809 /* KLHomeVC.m */,
			);
			path = Controllers;
			sourceTree = "<group>";
		};
		8C8713542047899900563120 /* Views */ = {
			isa = PBXGroup;
			children = (
				8CCBA627204A70E800F73809 /* KLHomeView.h */,
				8CCBA628204A70E800F73809 /* KLHomeView.m */,
				8CCBA631204A716300F73809 /* HomeTableCell */,
				8CCBA62A204A715E00F73809 /* HomeView */,
			);
			path = Views;
			sourceTree = "<group>";
		};
		8C8713552047899900563120 /* Bases */ = {
			isa = PBXGroup;
			children = (
				4CCAB512204F82E7004D267C /* Animation */,
				8C8713572047899900563120 /* Others */,
				8C8713582047899900563120 /* Models */,
				8C87135A2047899900563120 /* Controllers */,
				8C87135B2047899900563120 /* Views */,
			);
			path = Bases;
			sourceTree = "<group>";
		};
		8C8713572047899900563120 /* Others */ = {
			isa = PBXGroup;
			children = (
				8C8713562047899900563120 /* AppDelegate.h */,
				8C8713592047899900563120 /* AppDelegate.m */,
			);
			path = Others;
			sourceTree = "<group>";
		};
		8C8713582047899900563120 /* Models */ = {
			isa = PBXGroup;
			children = (
			);
			path = Models;
			sourceTree = "<group>";
		};
		8C87135A2047899900563120 /* Controllers */ = {
			isa = PBXGroup;
			children = (
				8C87137820478B8500563120 /* KLBaseTabBarController.h */,
				8C87137920478B8500563120 /* KLBaseTabBarController.m */,
				8C87137D20478DE900563120 /* KLBaseTableViewController.h */,
				8C87137E20478DE900563120 /* KLBaseTableViewController.m */,
				8C8713892047924E00563120 /* KLBaseNavigationController.h */,
				8C87138A2047924E00563120 /* KLBaseNavigationController.m */,
			);
			path = Controllers;
			sourceTree = "<group>";
		};
		8C87135B2047899900563120 /* Views */ = {
			isa = PBXGroup;
			children = (
				8CCBA61E204A6E0D00F73809 /* KLBaseTableView.h */,
				8CCBA61F204A6E0D00F73809 /* KLBaseTableView.m */,
			);
			path = Views;
			sourceTree = "<group>";
		};
		8C87135C2047899900563120 /* LB */ = {
			isa = PBXGroup;
			children = (
				8C87135D2047899900563120 /* Others */,
				8C87135E2047899900563120 /* Models */,
				8C87135F2047899900563120 /* Controllers */,
				8C8713602047899900563120 /* Views */,
			);
			path = LB;
			sourceTree = "<group>";
		};
		8C87135D2047899900563120 /* Others */ = {
			isa = PBXGroup;
			children = (
			);
			path = Others;
			sourceTree = "<group>";
		};
		8C87135E2047899900563120 /* Models */ = {
			isa = PBXGroup;
			children = (
			);
			path = Models;
			sourceTree = "<group>";
		};
		8C87135F2047899900563120 /* Controllers */ = {
			isa = PBXGroup;
			children = (
				8C87138620478FC500563120 /* KLLBViewController.h */,
				8C87138720478FC500563120 /* KLLBViewController.m */,
			);
			path = Controllers;
			sourceTree = "<group>";
		};
		8C8713602047899900563120 /* Views */ = {
			isa = PBXGroup;
			children = (
			);
			path = Views;
			sourceTree = "<group>";
		};
		8C8713612047899900563120 /* Tools */ = {
			isa = PBXGroup;
			children = (
				8C01A06F2047D37F009DF1E9 /* Refresh */,
			);
			path = Tools;
			sourceTree = "<group>";
		};
		8C8713622047899900563120 /* Supporting Files */ = {
			isa = PBXGroup;
			children = (
				8C8713632047899900563120 /* Assets.xcassets */,
				8C8713642047899900563120 /* LaunchScreen.storyboard */,
				8C8713682047899900563120 /* main.m */,
				8C8713692047899900563120 /* Info.plist */,
			);
			path = "Supporting Files";
			sourceTree = "<group>";
		};
		8C87136A2047899900563120 /* IM */ = {
			isa = PBXGroup;
			children = (
				8C87136B2047899900563120 /* Others */,
				8C87136C2047899900563120 /* Models */,
				8C87136D2047899900563120 /* Controllers */,
				8C87136E2047899900563120 /* Views */,
			);
			path = IM;
			sourceTree = "<group>";
		};
		8C87136B2047899900563120 /* Others */ = {
			isa = PBXGroup;
			children = (
			);
			path = Others;
			sourceTree = "<group>";
		};
		8C87136C2047899900563120 /* Models */ = {
			isa = PBXGroup;
			children = (
			);
			path = Models;
			sourceTree = "<group>";
		};
		8C87136D2047899900563120 /* Controllers */ = {
			isa = PBXGroup;
			children = (
				8C87138320478FAB00563120 /* KLIMViewController.h */,
				8C87138420478FAB00563120 /* KLIMViewController.m */,
			);
			path = Controllers;
			sourceTree = "<group>";
		};
		8C87136E2047899900563120 /* Views */ = {
			isa = PBXGroup;
			children = (
			);
			path = Views;
			sourceTree = "<group>";
		};
		8CCBA62A204A715E00F73809 /* HomeView */ = {
			isa = PBXGroup;
			children = (
				8CCBA624204A6F7400F73809 /* KLHomeTableView.h */,
				8CCBA625204A6F7400F73809 /* KLHomeTableView.m */,
				8CCBA62D204A715E00F73809 /* KLHomeHeaderView.h */,
				8CCBA62B204A715E00F73809 /* KLHomeHeaderView.m */,
				8CCBA62E204A715E00F73809 /* KLHomeBodyView.h */,
				8CCBA62C204A715E00F73809 /* KLHomeBodyView.m */,
				8CCBA635204A76C500F73809 /* KLHomeHeaderViewCell.h */,
				8CCBA636204A76C500F73809 /* KLHomeHeaderViewCell.m */,
			);
			path = HomeView;
			sourceTree = "<group>";
		};
		8CCBA631204A716300F73809 /* HomeTableCell */ = {
			isa = PBXGroup;
			children = (
				8CCBA632204A716300F73809 /* KLFirstTableViewCell.h */,
				8CCBA633204A716300F73809 /* KLFirstTableViewCell.m */,
			);
			path = HomeTableCell;
			sourceTree = "<group>";
		};
/* End PBXGroup section */

/* Begin PBXNativeTarget section */
		8C871317204787BE00563120 /* kaile */ = {
			isa = PBXNativeTarget;
			buildConfigurationList = 8C871347204787BF00563120 /* Build configuration list for PBXNativeTarget "kaile" */;
			buildPhases = (
				7420F56E804E69B92A8EBD09 /* [CP] Check Pods Manifest.lock */,
				8C871314204787BE00563120 /* Sources */,
				8C871315204787BE00563120 /* Frameworks */,
				8C871316204787BE00563120 /* Resources */,
				D0F29A810AF2CD9631ADFCF0 /* [CP] Embed Pods Frameworks */,
				397C807A3D0C4333ABB5B89F /* [CP] Copy Pods Resources */,
			);
			buildRules = (
			);
			dependencies = (
			);
			name = kaile;
			productName = kaile;
			productReference = 8C871318204787BE00563120 /* kaile.app */;
			productType = "com.apple.product-type.application";
		};
		8C871332204787BF00563120 /* kaileTests */ = {
			isa = PBXNativeTarget;
			buildConfigurationList = 8C87134A204787BF00563120 /* Build configuration list for PBXNativeTarget "kaileTests" */;
			buildPhases = (
				908D002B8B4A35D1845BB979 /* [CP] Check Pods Manifest.lock */,
				8C87132F204787BF00563120 /* Sources */,
				8C871330204787BF00563120 /* Frameworks */,
				8C871331204787BF00563120 /* Resources */,
				A8D8F64F6509E41E7EA959A5 /* [CP] Embed Pods Frameworks */,
				012BE4E1E1D09987CE5A19FA /* [CP] Copy Pods Resources */,
			);
			buildRules = (
			);
			dependencies = (
				8C871335204787BF00563120 /* PBXTargetDependency */,
			);
			name = kaileTests;
			productName = kaileTests;
			productReference = 8C871333204787BF00563120 /* kaileTests.xctest */;
			productType = "com.apple.product-type.bundle.unit-test";
		};
		8C87133D204787BF00563120 /* kaileUITests */ = {
			isa = PBXNativeTarget;
			buildConfigurationList = 8C87134D204787BF00563120 /* Build configuration list for PBXNativeTarget "kaileUITests" */;
			buildPhases = (
				B5823F46087D4FD8DF3D3B7A /* [CP] Check Pods Manifest.lock */,
				8C87133A204787BF00563120 /* Sources */,
				8C87133B204787BF00563120 /* Frameworks */,
				8C87133C204787BF00563120 /* Resources */,
				4F6D7656A8987B8BD19ECD23 /* [CP] Embed Pods Frameworks */,
				4C800F65F5ACEF9A71D03568 /* [CP] Copy Pods Resources */,
			);
			buildRules = (
			);
			dependencies = (
				8C871340204787BF00563120 /* PBXTargetDependency */,
			);
			name = kaileUITests;
			productName = kaileUITests;
			productReference = 8C87133E204787BF00563120 /* kaileUITests.xctest */;
			productType = "com.apple.product-type.bundle.ui-testing";
		};
/* End PBXNativeTarget section */

/* Begin PBXProject section */
		8C871310204787BE00563120 /* Project object */ = {
			isa = PBXProject;
			attributes = {
				LastUpgradeCheck = 0920;
				ORGANIZATIONNAME = Monkey;
				TargetAttributes = {
					8C871317204787BE00563120 = {
						CreatedOnToolsVersion = 9.2;
						ProvisioningStyle = Automatic;
					};
					8C871332204787BF00563120 = {
						CreatedOnToolsVersion = 9.2;
						ProvisioningStyle = Automatic;
						TestTargetID = 8C871317204787BE00563120;
					};
					8C87133D204787BF00563120 = {
						CreatedOnToolsVersion = 9.2;
						ProvisioningStyle = Automatic;
						TestTargetID = 8C871317204787BE00563120;
					};
				};
			};
			buildConfigurationList = 8C871313204787BE00563120 /* Build configuration list for PBXProject "kaile" */;
			compatibilityVersion = "Xcode 8.0";
			developmentRegion = en;
			hasScannedForEncodings = 0;
			knownRegions = (
				en,
				Base,
			);
			mainGroup = 8C87130F204787BE00563120;
			productRefGroup = 8C871319204787BE00563120 /* Products */;
			projectDirPath = "";
			projectRoot = "";
			targets = (
				8C871317204787BE00563120 /* kaile */,
				8C871332204787BF00563120 /* kaileTests */,
				8C87133D204787BF00563120 /* kaileUITests */,
			);
		};
/* End PBXProject section */

/* Begin PBXResourcesBuildPhase section */
		8C871316204787BE00563120 /* Resources */ = {
			isa = PBXResourcesBuildPhase;
			buildActionMask = 2147483647;
			files = (
				8C8713742047899900563120 /* Info.plist in Resources */,
				8C8713702047899900563120 /* Assets.xcassets in Resources */,
				8C8713712047899900563120 /* LaunchScreen.storyboard in Resources */,
			);
			runOnlyForDeploymentPostprocessing = 0;
		};
		8C871331204787BF00563120 /* Resources */ = {
			isa = PBXResourcesBuildPhase;
			buildActionMask = 2147483647;
			files = (
			);
			runOnlyForDeploymentPostprocessing = 0;
		};
		8C87133C204787BF00563120 /* Resources */ = {
			isa = PBXResourcesBuildPhase;
			buildActionMask = 2147483647;
			files = (
			);
			runOnlyForDeploymentPostprocessing = 0;
		};
/* End PBXResourcesBuildPhase section */

/* Begin PBXShellScriptBuildPhase section */
		012BE4E1E1D09987CE5A19FA /* [CP] Copy Pods Resources */ = {
			isa = PBXShellScriptBuildPhase;
			buildActionMask = 2147483647;
			files = (
			);
			inputPaths = (
			);
			name = "[CP] Copy Pods Resources";
			outputPaths = (
			);
			runOnlyForDeploymentPostprocessing = 0;
			shellPath = /bin/sh;
			shellScript = "\"${SRCROOT}/Pods/Target Support Files/Pods-kaileTests/Pods-kaileTests-resources.sh\"\n";
			showEnvVarsInLog = 0;
		};
		397C807A3D0C4333ABB5B89F /* [CP] Copy Pods Resources */ = {
			isa = PBXShellScriptBuildPhase;
			buildActionMask = 2147483647;
			files = (
			);
			inputPaths = (
				"${SRCROOT}/Pods/Target Support Files/Pods-kaile/Pods-kaile-resources.sh",
				"${PODS_ROOT}/MJRefresh/MJRefresh/MJRefresh.bundle",
			);
			name = "[CP] Copy Pods Resources";
			outputPaths = (
				"${TARGET_BUILD_DIR}/${UNLOCALIZED_RESOURCES_FOLDER_PATH}/MJRefresh.bundle",
			);
			runOnlyForDeploymentPostprocessing = 0;
			shellPath = /bin/sh;
			shellScript = "\"${SRCROOT}/Pods/Target Support Files/Pods-kaile/Pods-kaile-resources.sh\"\n";
			showEnvVarsInLog = 0;
		};
		4C800F65F5ACEF9A71D03568 /* [CP] Copy Pods Resources */ = {
			isa = PBXShellScriptBuildPhase;
			buildActionMask = 2147483647;
			files = (
			);
			inputPaths = (
			);
			name = "[CP] Copy Pods Resources";
			outputPaths = (
			);
			runOnlyForDeploymentPostprocessing = 0;
			shellPath = /bin/sh;
			shellScript = "\"${SRCROOT}/Pods/Target Support Files/Pods-kaileUITests/Pods-kaileUITests-resources.sh\"\n";
			showEnvVarsInLog = 0;
		};
		4F6D7656A8987B8BD19ECD23 /* [CP] Embed Pods Frameworks */ = {
			isa = PBXShellScriptBuildPhase;
			buildActionMask = 2147483647;
			files = (
			);
			inputPaths = (
			);
			name = "[CP] Embed Pods Frameworks";
			outputPaths = (
			);
			runOnlyForDeploymentPostprocessing = 0;
			shellPath = /bin/sh;
			shellScript = "\"${SRCROOT}/Pods/Target Support Files/Pods-kaileUITests/Pods-kaileUITests-frameworks.sh\"\n";
			showEnvVarsInLog = 0;
		};
		7420F56E804E69B92A8EBD09 /* [CP] Check Pods Manifest.lock */ = {
			isa = PBXShellScriptBuildPhase;
			buildActionMask = 2147483647;
			files = (
			);
			inputPaths = (
				"${PODS_PODFILE_DIR_PATH}/Podfile.lock",
				"${PODS_ROOT}/Manifest.lock",
			);
			name = "[CP] Check Pods Manifest.lock";
			outputPaths = (
				"$(DERIVED_FILE_DIR)/Pods-kaile-checkManifestLockResult.txt",
			);
			runOnlyForDeploymentPostprocessing = 0;
			shellPath = /bin/sh;
			shellScript = "diff \"${PODS_PODFILE_DIR_PATH}/Podfile.lock\" \"${PODS_ROOT}/Manifest.lock\" > /dev/null\nif [ $? != 0 ] ; then\n    # print error to STDERR\n    echo \"error: The sandbox is not in sync with the Podfile.lock. Run 'pod install' or update your CocoaPods installation.\" >&2\n    exit 1\nfi\n# This output is used by Xcode 'outputs' to avoid re-running this script phase.\necho \"SUCCESS\" > \"${SCRIPT_OUTPUT_FILE_0}\"\n";
			showEnvVarsInLog = 0;
		};
		908D002B8B4A35D1845BB979 /* [CP] Check Pods Manifest.lock */ = {
			isa = PBXShellScriptBuildPhase;
			buildActionMask = 2147483647;
			files = (
			);
			inputPaths = (
				"${PODS_PODFILE_DIR_PATH}/Podfile.lock",
				"${PODS_ROOT}/Manifest.lock",
			);
			name = "[CP] Check Pods Manifest.lock";
			outputPaths = (
				"$(DERIVED_FILE_DIR)/Pods-kaileTests-checkManifestLockResult.txt",
			);
			runOnlyForDeploymentPostprocessing = 0;
			shellPath = /bin/sh;
			shellScript = "diff \"${PODS_PODFILE_DIR_PATH}/Podfile.lock\" \"${PODS_ROOT}/Manifest.lock\" > /dev/null\nif [ $? != 0 ] ; then\n    # print error to STDERR\n    echo \"error: The sandbox is not in sync with the Podfile.lock. Run 'pod install' or update your CocoaPods installation.\" >&2\n    exit 1\nfi\n# This output is used by Xcode 'outputs' to avoid re-running this script phase.\necho \"SUCCESS\" > \"${SCRIPT_OUTPUT_FILE_0}\"\n";
			showEnvVarsInLog = 0;
		};
		A8D8F64F6509E41E7EA959A5 /* [CP] Embed Pods Frameworks */ = {
			isa = PBXShellScriptBuildPhase;
			buildActionMask = 2147483647;
			files = (
			);
			inputPaths = (
			);
			name = "[CP] Embed Pods Frameworks";
			outputPaths = (
			);
			runOnlyForDeploymentPostprocessing = 0;
			shellPath = /bin/sh;
			shellScript = "\"${SRCROOT}/Pods/Target Support Files/Pods-kaileTests/Pods-kaileTests-frameworks.sh\"\n";
			showEnvVarsInLog = 0;
		};
		B5823F46087D4FD8DF3D3B7A /* [CP] Check Pods Manifest.lock */ = {
			isa = PBXShellScriptBuildPhase;
			buildActionMask = 2147483647;
			files = (
			);
			inputPaths = (
				"${PODS_PODFILE_DIR_PATH}/Podfile.lock",
				"${PODS_ROOT}/Manifest.lock",
			);
			name = "[CP] Check Pods Manifest.lock";
			outputPaths = (
				"$(DERIVED_FILE_DIR)/Pods-kaileUITests-checkManifestLockResult.txt",
			);
			runOnlyForDeploymentPostprocessing = 0;
			shellPath = /bin/sh;
			shellScript = "diff \"${PODS_PODFILE_DIR_PATH}/Podfile.lock\" \"${PODS_ROOT}/Manifest.lock\" > /dev/null\nif [ $? != 0 ] ; then\n    # print error to STDERR\n    echo \"error: The sandbox is not in sync with the Podfile.lock. Run 'pod install' or update your CocoaPods installation.\" >&2\n    exit 1\nfi\n# This output is used by Xcode 'outputs' to avoid re-running this script phase.\necho \"SUCCESS\" > \"${SCRIPT_OUTPUT_FILE_0}\"\n";
			showEnvVarsInLog = 0;
		};
		D0F29A810AF2CD9631ADFCF0 /* [CP] Embed Pods Frameworks */ = {
			isa = PBXShellScriptBuildPhase;
			buildActionMask = 2147483647;
			files = (
			);
			inputPaths = (
			);
			name = "[CP] Embed Pods Frameworks";
			outputPaths = (
			);
			runOnlyForDeploymentPostprocessing = 0;
			shellPath = /bin/sh;
			shellScript = "\"${SRCROOT}/Pods/Target Support Files/Pods-kaile/Pods-kaile-frameworks.sh\"\n";
			showEnvVarsInLog = 0;
		};
/* End PBXShellScriptBuildPhase section */

/* Begin PBXSourcesBuildPhase section */
		8C871314204787BE00563120 /* Sources */ = {
			isa = PBXSourcesBuildPhase;
			buildActionMask = 2147483647;
			files = (
				8C87136F2047899900563120 /* AppDelegate.m in Sources */,
				8CCBA62F204A715E00F73809 /* KLHomeHeaderView.m in Sources */,
				8CCBA630204A715E00F73809 /* KLHomeBodyView.m in Sources */,
				8CCBA634204A716400F73809 /* KLFirstTableViewCell.m in Sources */,
				8CCBA637204A76C500F73809 /* KLHomeHeaderViewCell.m in Sources */,
				8C01A0742047D37F009DF1E9 /* WKRefreshBackGifFooter.m in Sources */,
				8C87137A20478B8500563120 /* KLBaseTabBarController.m in Sources */,
				8CCBA629204A70E800F73809 /* KLHomeView.m in Sources */,
				8C8713732047899900563120 /* main.m in Sources */,
				8C87138B2047924E00563120 /* KLBaseNavigationController.m in Sources */,
				8C87138820478FC500563120 /* KLLBViewController.m in Sources */,
				8C01A0752047D37F009DF1E9 /* WKRefreshGifHeader.m in Sources */,
				8C87137F20478DE900563120 /* KLBaseTableViewController.m in Sources */,
				8CCBA626204A6F7400F73809 /* KLHomeTableView.m in Sources */,
				8C87138520478FAB00563120 /* KLIMViewController.m in Sources */,
				4CCAB517204F82E7004D267C /* TransitionAnimation.m in Sources */,
				8C87138220478E1900563120 /* KLHomeViewControllers.m in Sources */,
				8CCBA620204A6E0D00F73809 /* KLBaseTableView.m in Sources */,
				8CCBA623204A6F0E00F73809 /* KLHomeVC.m in Sources */,
				4CCAB518204F82E7004D267C /* TransitionController.m in Sources */,
				8C871326204787BE00563120 /* kaile.xcdatamodeld in Sources */,
			);
			runOnlyForDeploymentPostprocessing = 0;
		};
		8C87132F204787BF00563120 /* Sources */ = {
			isa = PBXSourcesBuildPhase;
			buildActionMask = 2147483647;
			files = (
				8C871338204787BF00563120 /* kaileTests.m in Sources */,
			);
			runOnlyForDeploymentPostprocessing = 0;
		};
		8C87133A204787BF00563120 /* Sources */ = {
			isa = PBXSourcesBuildPhase;
			buildActionMask = 2147483647;
			files = (
				8C871343204787BF00563120 /* kaileUITests.m in Sources */,
			);
			runOnlyForDeploymentPostprocessing = 0;
		};
/* End PBXSourcesBuildPhase section */

/* Begin PBXTargetDependency section */
		8C871335204787BF00563120 /* PBXTargetDependency */ = {
			isa = PBXTargetDependency;
			target = 8C871317204787BE00563120 /* kaile */;
			targetProxy = 8C871334204787BF00563120 /* PBXContainerItemProxy */;
		};
		8C871340204787BF00563120 /* PBXTargetDependency */ = {
			isa = PBXTargetDependency;
			target = 8C871317204787BE00563120 /* kaile */;
			targetProxy = 8C87133F204787BF00563120 /* PBXContainerItemProxy */;
		};
/* End PBXTargetDependency section */

/* Begin PBXVariantGroup section */
		8C8713642047899900563120 /* LaunchScreen.storyboard */ = {
			isa = PBXVariantGroup;
			children = (
				8C8713652047899900563120 /* Base */,
			);
			name = LaunchScreen.storyboard;
			sourceTree = "<group>";
		};
/* End PBXVariantGroup section */

/* Begin XCBuildConfiguration section */
		8C871345204787BF00563120 /* Debug */ = {
			isa = XCBuildConfiguration;
			buildSettings = {
				ALWAYS_SEARCH_USER_PATHS = NO;
				CLANG_ANALYZER_NONNULL = YES;
				CLANG_ANALYZER_NUMBER_OBJECT_CONVERSION = YES_AGGRESSIVE;
				CLANG_CXX_LANGUAGE_STANDARD = "gnu++14";
				CLANG_CXX_LIBRARY = "libc++";
				CLANG_ENABLE_MODULES = YES;
				CLANG_ENABLE_OBJC_ARC = YES;
				CLANG_WARN_BLOCK_CAPTURE_AUTORELEASING = YES;
				CLANG_WARN_BOOL_CONVERSION = YES;
				CLANG_WARN_COMMA = YES;
				CLANG_WARN_CONSTANT_CONVERSION = YES;
				CLANG_WARN_DIRECT_OBJC_ISA_USAGE = YES_ERROR;
				CLANG_WARN_DOCUMENTATION_COMMENTS = YES;
				CLANG_WARN_EMPTY_BODY = YES;
				CLANG_WARN_ENUM_CONVERSION = YES;
				CLANG_WARN_INFINITE_RECURSION = YES;
				CLANG_WARN_INT_CONVERSION = YES;
				CLANG_WARN_NON_LITERAL_NULL_CONVERSION = YES;
				CLANG_WARN_OBJC_LITERAL_CONVERSION = YES;
				CLANG_WARN_OBJC_ROOT_CLASS = YES_ERROR;
				CLANG_WARN_RANGE_LOOP_ANALYSIS = YES;
				CLANG_WARN_STRICT_PROTOTYPES = YES;
				CLANG_WARN_SUSPICIOUS_MOVE = YES;
				CLANG_WARN_UNGUARDED_AVAILABILITY = YES_AGGRESSIVE;
				CLANG_WARN_UNREACHABLE_CODE = YES;
				CLANG_WARN__DUPLICATE_METHOD_MATCH = YES;
				CODE_SIGN_IDENTITY = "iPhone Developer";
				COPY_PHASE_STRIP = NO;
				DEBUG_INFORMATION_FORMAT = dwarf;
				ENABLE_STRICT_OBJC_MSGSEND = YES;
				ENABLE_TESTABILITY = YES;
				GCC_C_LANGUAGE_STANDARD = gnu11;
				GCC_DYNAMIC_NO_PIC = NO;
				GCC_NO_COMMON_BLOCKS = YES;
				GCC_OPTIMIZATION_LEVEL = 0;
				GCC_PREPROCESSOR_DEFINITIONS = (
					"DEBUG=1",
					"$(inherited)",
				);
				GCC_WARN_64_TO_32_BIT_CONVERSION = YES;
				GCC_WARN_ABOUT_RETURN_TYPE = YES_ERROR;
				GCC_WARN_UNDECLARED_SELECTOR = YES;
				GCC_WARN_UNINITIALIZED_AUTOS = YES_AGGRESSIVE;
				GCC_WARN_UNUSED_FUNCTION = YES;
				GCC_WARN_UNUSED_VARIABLE = YES;
				IPHONEOS_DEPLOYMENT_TARGET = 11.2;
				MTL_ENABLE_DEBUG_INFO = YES;
				ONLY_ACTIVE_ARCH = YES;
				SDKROOT = iphoneos;
			};
			name = Debug;
		};
		8C871346204787BF00563120 /* Release */ = {
			isa = XCBuildConfiguration;
			buildSettings = {
				ALWAYS_SEARCH_USER_PATHS = NO;
				CLANG_ANALYZER_NONNULL = YES;
				CLANG_ANALYZER_NUMBER_OBJECT_CONVERSION = YES_AGGRESSIVE;
				CLANG_CXX_LANGUAGE_STANDARD = "gnu++14";
				CLANG_CXX_LIBRARY = "libc++";
				CLANG_ENABLE_MODULES = YES;
				CLANG_ENABLE_OBJC_ARC = YES;
				CLANG_WARN_BLOCK_CAPTURE_AUTORELEASING = YES;
				CLANG_WARN_BOOL_CONVERSION = YES;
				CLANG_WARN_COMMA = YES;
				CLANG_WARN_CONSTANT_CONVERSION = YES;
				CLANG_WARN_DIRECT_OBJC_ISA_USAGE = YES_ERROR;
				CLANG_WARN_DOCUMENTATION_COMMENTS = YES;
				CLANG_WARN_EMPTY_BODY = YES;
				CLANG_WARN_ENUM_CONVERSION = YES;
				CLANG_WARN_INFINITE_RECURSION = YES;
				CLANG_WARN_INT_CONVERSION = YES;
				CLANG_WARN_NON_LITERAL_NULL_CONVERSION = YES;
				CLANG_WARN_OBJC_LITERAL_CONVERSION = YES;
				CLANG_WARN_OBJC_ROOT_CLASS = YES_ERROR;
				CLANG_WARN_RANGE_LOOP_ANALYSIS = YES;
				CLANG_WARN_STRICT_PROTOTYPES = YES;
				CLANG_WARN_SUSPICIOUS_MOVE = YES;
				CLANG_WARN_UNGUARDED_AVAILABILITY = YES_AGGRESSIVE;
				CLANG_WARN_UNREACHABLE_CODE = YES;
				CLANG_WARN__DUPLICATE_METHOD_MATCH = YES;
				CODE_SIGN_IDENTITY = "iPhone Developer";
				COPY_PHASE_STRIP = NO;
				DEBUG_INFORMATION_FORMAT = "dwarf-with-dsym";
				ENABLE_NS_ASSERTIONS = NO;
				ENABLE_STRICT_OBJC_MSGSEND = YES;
				GCC_C_LANGUAGE_STANDARD = gnu11;
				GCC_NO_COMMON_BLOCKS = YES;
				GCC_WARN_64_TO_32_BIT_CONVERSION = YES;
				GCC_WARN_ABOUT_RETURN_TYPE = YES_ERROR;
				GCC_WARN_UNDECLARED_SELECTOR = YES;
				GCC_WARN_UNINITIALIZED_AUTOS = YES_AGGRESSIVE;
				GCC_WARN_UNUSED_FUNCTION = YES;
				GCC_WARN_UNUSED_VARIABLE = YES;
				IPHONEOS_DEPLOYMENT_TARGET = 11.2;
				MTL_ENABLE_DEBUG_INFO = NO;
				SDKROOT = iphoneos;
				VALIDATE_PRODUCT = YES;
			};
			name = Release;
		};
		8C871348204787BF00563120 /* Debug */ = {
			isa = XCBuildConfiguration;
			baseConfigurationReference = 1756C8106A5DAD222CC92887 /* Pods-kaile.debug.xcconfig */;
			buildSettings = {
				ASSETCATALOG_COMPILER_APPICON_NAME = AppIcon;
				CODE_SIGN_STYLE = Automatic;
				DEVELOPMENT_TEAM = 5J83RC9E7A;
				INFOPLIST_FILE = "$(SRCROOT)/kaile/Supporting Files/Info.plist";
				LD_RUNPATH_SEARCH_PATHS = "$(inherited) @executable_path/Frameworks";
				PRODUCT_BUNDLE_IDENTIFIER = www.kaile.com.kaile;
				PRODUCT_NAME = "$(TARGET_NAME)";
				TARGETED_DEVICE_FAMILY = "1,2";
			};
			name = Debug;
		};
		8C871349204787BF00563120 /* Release */ = {
			isa = XCBuildConfiguration;
			baseConfigurationReference = D3D1FD7744D401861799FC62 /* Pods-kaile.release.xcconfig */;
			buildSettings = {
				ASSETCATALOG_COMPILER_APPICON_NAME = AppIcon;
				CODE_SIGN_STYLE = Automatic;
				DEVELOPMENT_TEAM = 5J83RC9E7A;
				INFOPLIST_FILE = "$(SRCROOT)/kaile/Supporting Files/Info.plist";
				LD_RUNPATH_SEARCH_PATHS = "$(inherited) @executable_path/Frameworks";
				PRODUCT_BUNDLE_IDENTIFIER = www.kaile.com.kaile;
				PRODUCT_NAME = "$(TARGET_NAME)";
				TARGETED_DEVICE_FAMILY = "1,2";
			};
			name = Release;
		};
		8C87134B204787BF00563120 /* Debug */ = {
			isa = XCBuildConfiguration;
			baseConfigurationReference = 2CB25DA408D834C41CC2140C /* Pods-kaileTests.debug.xcconfig */;
			buildSettings = {
				BUNDLE_LOADER = "$(TEST_HOST)";
				CODE_SIGN_STYLE = Automatic;
				INFOPLIST_FILE = kaileTests/Info.plist;
				LD_RUNPATH_SEARCH_PATHS = "$(inherited) @executable_path/Frameworks @loader_path/Frameworks";
				PRODUCT_BUNDLE_IDENTIFIER = www.kaile.com.kaileTests;
				PRODUCT_NAME = "$(TARGET_NAME)";
				TARGETED_DEVICE_FAMILY = "1,2";
				TEST_HOST = "$(BUILT_PRODUCTS_DIR)/kaile.app/kaile";
			};
			name = Debug;
		};
		8C87134C204787BF00563120 /* Release */ = {
			isa = XCBuildConfiguration;
			baseConfigurationReference = 947AAB829A28B548FE2AB5C6 /* Pods-kaileTests.release.xcconfig */;
			buildSettings = {
				BUNDLE_LOADER = "$(TEST_HOST)";
				CODE_SIGN_STYLE = Automatic;
				INFOPLIST_FILE = kaileTests/Info.plist;
				LD_RUNPATH_SEARCH_PATHS = "$(inherited) @executable_path/Frameworks @loader_path/Frameworks";
				PRODUCT_BUNDLE_IDENTIFIER = www.kaile.com.kaileTests;
				PRODUCT_NAME = "$(TARGET_NAME)";
				TARGETED_DEVICE_FAMILY = "1,2";
				TEST_HOST = "$(BUILT_PRODUCTS_DIR)/kaile.app/kaile";
			};
			name = Release;
		};
		8C87134E204787BF00563120 /* Debug */ = {
			isa = XCBuildConfiguration;
			baseConfigurationReference = 959F015D75FF0E74B16150D7 /* Pods-kaileUITests.debug.xcconfig */;
			buildSettings = {
				CODE_SIGN_STYLE = Automatic;
				INFOPLIST_FILE = kaileUITests/Info.plist;
				LD_RUNPATH_SEARCH_PATHS = "$(inherited) @executable_path/Frameworks @loader_path/Frameworks";
				PRODUCT_BUNDLE_IDENTIFIER = www.kaile.com.kaileUITests;
				PRODUCT_NAME = "$(TARGET_NAME)";
				TARGETED_DEVICE_FAMILY = "1,2";
				TEST_TARGET_NAME = kaile;
			};
			name = Debug;
		};
		8C87134F204787BF00563120 /* Release */ = {
			isa = XCBuildConfiguration;
			baseConfigurationReference = EE52F6EB1FEBF5CA24C1D0E2 /* Pods-kaileUITests.release.xcconfig */;
			buildSettings = {
				CODE_SIGN_STYLE = Automatic;
				INFOPLIST_FILE = kaileUITests/Info.plist;
				LD_RUNPATH_SEARCH_PATHS = "$(inherited) @executable_path/Frameworks @loader_path/Frameworks";
				PRODUCT_BUNDLE_IDENTIFIER = www.kaile.com.kaileUITests;
				PRODUCT_NAME = "$(TARGET_NAME)";
				TARGETED_DEVICE_FAMILY = "1,2";
				TEST_TARGET_NAME = kaile;
			};
			name = Release;
		};
/* End XCBuildConfiguration section */

/* Begin XCConfigurationList section */
		8C871313204787BE00563120 /* Build configuration list for PBXProject "kaile" */ = {
			isa = XCConfigurationList;
			buildConfigurations = (
				8C871345204787BF00563120 /* Debug */,
				8C871346204787BF00563120 /* Release */,
			);
			defaultConfigurationIsVisible = 0;
			defaultConfigurationName = Release;
		};
		8C871347204787BF00563120 /* Build configuration list for PBXNativeTarget "kaile" */ = {
			isa = XCConfigurationList;
			buildConfigurations = (
				8C871348204787BF00563120 /* Debug */,
				8C871349204787BF00563120 /* Release */,
			);
			defaultConfigurationIsVisible = 0;
			defaultConfigurationName = Release;
		};
		8C87134A204787BF00563120 /* Build configuration list for PBXNativeTarget "kaileTests" */ = {
			isa = XCConfigurationList;
			buildConfigurations = (
				8C87134B204787BF00563120 /* Debug */,
				8C87134C204787BF00563120 /* Release */,
			);
			defaultConfigurationIsVisible = 0;
			defaultConfigurationName = Release;
		};
		8C87134D204787BF00563120 /* Build configuration list for PBXNativeTarget "kaileUITests" */ = {
			isa = XCConfigurationList;
			buildConfigurations = (
				8C87134E204787BF00563120 /* Debug */,
				8C87134F204787BF00563120 /* Release */,
			);
			defaultConfigurationIsVisible = 0;
			defaultConfigurationName = Release;
		};
/* End XCConfigurationList section */

/* Begin XCVersionGroup section */
		8C871324204787BE00563120 /* kaile.xcdatamodeld */ = {
			isa = XCVersionGroup;
			children = (
				8C871325204787BE00563120 /* kaile.xcdatamodel */,
			);
			currentVersion = 8C871325204787BE00563120 /* kaile.xcdatamodel */;
			path = kaile.xcdatamodeld;
			sourceTree = "<group>";
			versionGroupType = wrapper.xcdatamodel;
		};
/* End XCVersionGroup section */
	};
	rootObject = 8C871310204787BE00563120 /* Project object */;
}
